
Microsoft Visual Studio Solution File, Format Version 12.00
# Visual Studio 15
VisualStudioVersion = 15.0.27428.2037
MinimumVisualStudioVersion = 10.0.40219.1
Project("{8BC9CEB8-8B4A-11D0-8D11-00A0C91BC942}") = "team2mcm", "team2mcm\team2mcm.vcxproj", "{1C860052-B7E8-452E-852D-177F6349FD04}"
EndProject
Global
	GlobalSection(SolutionConfigurationPlatforms) = preSolution
		Debug|x64 = Debug|x64
		Debug|x86 = Debug|x86
		Release|x64 = Release|x64
		Release|x86 = Release|x86
	EndGlobalSection
	GlobalSection(ProjectConfigurationPlatforms) = postSolution
		{1C860052-B7E8-452E-852D-177F6349FD04}.Debug|x64.ActiveCfg = Debug|x64
		{1C860052-B7E8-452E-852D-177F6349FD04}.Debug|x64.Build.0 = Debug|x64
		{1C860052-B7E8-452E-852D-177F6349FD04}.Debug|x86.ActiveCfg = Debug|Win32
		{1C860052-B7E8-452E-852D-177F6349FD04}.Debug|x86.Build.0 = Debug|Win32
		{1C860052-B7E8-452E-852D-177F6349FD04}.Release|x64.ActiveCfg = Release|x64
		{1C860052-B7E8-452E-852D-177F6349FD04}.Release|x64.Build.0 = Release|x64
		{1C860052-B7E8-452E-852D-177F6349FD04}.Release|x86.ActiveCfg = Release|Win32
		{1C860052-B7E8-452E-852D-177F6349FD04}.Release|x86.Build.0 = Release|Win32
	EndGlobalSection
	GlobalSection(SolutionProperties) = preSolution
		HideSolutionNode = FALSE
	EndGlobalSection
	GlobalSection(ExtensibilityGlobals) = postSolution
		SolutionGuid = {9D0618DB-FE21-4000-9856-5F4CE2B45830}
	EndGlobalSection
EndGlobal
